
Microsoft Visual Studio Solution File, Format Version 12.00
# Visual Studio 2012
Project("{FAE04EC0-301F-11D3-BF4B-00C04F79EFBC}") = "FeedbackService", "FeedbackService\FeedbackService.csproj", "{15B3E0D2-6217-493A-A690-158C497F5318}"
EndProject
Project("{FAE04EC0-301F-11D3-BF4B-00C04F79EFBC}") = "FeedbackClient", "FeedbackClient\FeedbackClient.csproj", "{DCC264A5-F46B-4EC3-93C9-883C1F1F6C27}"
EndProject
Global
	GlobalSection(SolutionConfigurationPlatforms) = preSolution
		Debug|Any CPU = Debug|Any CPU
		Release|Any CPU = Release|Any CPU
	EndGlobalSection
	GlobalSection(ProjectConfigurationPlatforms) = postSolution
		{15B3E0D2-6217-493A-A690-158C497F5318}.Debug|Any CPU.ActiveCfg = Debug|Any CPU
		{15B3E0D2-6217-493A-A690-158C497F5318}.Debug|Any CPU.Build.0 = Debug|Any CPU
		{15B3E0D2-6217-493A-A690-158C497F5318}.Release|Any CPU.ActiveCfg = Release|Any CPU
		{15B3E0D2-6217-493A-A690-158C497F5318}.Release|Any CPU.Build.0 = Release|Any CPU
		{DCC264A5-F46B-4EC3-93C9-883C1F1F6C27}.Debug|Any CPU.ActiveCfg = Debug|Any CPU
		{DCC264A5-F46B-4EC3-93C9-883C1F1F6C27}.Debug|Any CPU.Build.0 = Debug|Any CPU
		{DCC264A5-F46B-4EC3-93C9-883C1F1F6C27}.Release|Any CPU.ActiveCfg = Release|Any CPU
		{DCC264A5-F46B-4EC3-93C9-883C1F1F6C27}.Release|Any CPU.Build.0 = Release|Any CPU
	EndGlobalSection
	GlobalSection(SolutionProperties) = preSolution
		HideSolutionNode = FALSE
	EndGlobalSection
EndGlobal
